<?xml version="1.0" encoding="utf-8"?>
<Project ToolsVersion="4.0" xmlns="http://schemas.microsoft.com/developer/msbuild/2003">
  <ItemGroup>
    <Filter Include="來源檔案">
      <UniqueIdentifier>{4FC737F1-C7A5-4376-A066-2A32D752A2FF}</UniqueIdentifier>
      <Extensions>cpp;c;cc;cxx;c++;cppm;ixx;def;odl;idl;hpj;bat;asm;asmx</Extensions>
    </Filter>
    <Filter Include="來源檔案\time">
      <UniqueIdentifier>{112d5ae5-a814-4582-8068-fb16eac1183a}</UniqueIdentifier>
    </Filter>
    <Filter Include="來源檔案\math">
      <UniqueIdentifier>{53cae91f-487a-4c71-9818-400ff9587b00}</UniqueIdentifier>
    </Filter>
    <Filter Include="來源檔案\math\curve">
      <UniqueIdentifier>{d638b210-520b-4119-95ac-dab893bd8dd9}</UniqueIdentifier>
    </Filter>
    <Filter Include="來源檔案\math\distribution">
      <UniqueIdentifier>{603634f5-4d4d-4f22-9cb4-004807eeeb9a}</UniqueIdentifier>
    </Filter>
    <Filter Include="來源檔案\stochasticprocess">
      <UniqueIdentifier>{7d2e365b-22d9-46d3-a881-bd5ce033cb55}</UniqueIdentifier>
    </Filter>
    <Filter Include="來源檔案\stochasticprocess\garchjump">
      <UniqueIdentifier>{51f7a6c4-fce5-4001-af17-cedd37859fde}</UniqueIdentifier>
    </Filter>
    <Filter Include="來源檔案\stochasticprocess\compoundpoisson">
      <UniqueIdentifier>{f0070479-5c54-4c66-b011-a7b585b5c4c4}</UniqueIdentifier>
    </Filter>
    <Filter Include="來源檔案\math\distribution\continuousdistribution">
      <UniqueIdentifier>{a414b0bd-0620-4e18-8c9a-c979dd86515e}</UniqueIdentifier>
    </Filter>
    <Filter Include="來源檔案\math\integral">
      <UniqueIdentifier>{f1ff88cd-9376-408c-b9cb-18cf4e476694}</UniqueIdentifier>
    </Filter>
    <Filter Include="來源檔案\math\rootsolve">
      <UniqueIdentifier>{c2cf23f9-20f9-4126-9b93-d0a2413222f2}</UniqueIdentifier>
    </Filter>
    <Filter Include="來源檔案\math\derivative">
      <UniqueIdentifier>{7bf80693-6f19-4dbb-bd08-d6b64b66cb14}</UniqueIdentifier>
    </Filter>
    <Filter Include="來源檔案\math\rootsolve\algorithm">
      <UniqueIdentifier>{0ed1bf8e-90e2-48aa-8134-5bf7fc7c1ad3}</UniqueIdentifier>
    </Filter>
  </ItemGroup>
  <ItemGroup>
    <ClCompile Include="QuantitativeFinance.cpp">
      <Filter>來源檔案</Filter>
    </ClCompile>
    <ClCompile Include="date.cpp">
      <Filter>來源檔案\time</Filter>
    </ClCompile>
    <ClCompile Include="nonparametriccurve.cpp">
      <Filter>來源檔案\math\curve</Filter>
    </ClCompile>
    <ClCompile Include="normaldistribution.cpp">
      <Filter>來源檔案\math\distribution\continuousdistribution</Filter>
    </ClCompile>
    <ClCompile Include="gaussianlobatto.cpp">
      <Filter>來源檔案\math\integral</Filter>
    </ClCompile>
    <ClCompile Include="gaussiankronrod.cpp">
      <Filter>來源檔案\math\integral</Filter>
    </ClCompile>
    <ClCompile Include="skewnormaldistribution.cpp">
      <Filter>來源檔案\math\distribution\continuousdistribution</Filter>
    </ClCompile>
    <ClCompile Include="forwarddifference.cpp">
      <Filter>來源檔案\math\derivative</Filter>
    </ClCompile>
    <ClCompile Include="centraldifference.cpp">
      <Filter>來源檔案\math\derivative</Filter>
    </ClCompile>
    <ClCompile Include="bisectionsolver.cpp">
      <Filter>來源檔案\math\rootsolve\algorithm</Filter>
    </ClCompile>
    <ClCompile Include="ridderssolver.cpp">
      <Filter>來源檔案\math\rootsolve\algorithm</Filter>
    </ClCompile>
  </ItemGroup>
  <ItemGroup>
    <ClInclude Include="date.h">
      <Filter>來源檔案\time</Filter>
    </ClInclude>
    <ClInclude Include="type.h">
      <Filter>來源檔案</Filter>
    </ClInclude>
    <ClInclude Include="period.h">
      <Filter>來源檔案\time</Filter>
    </ClInclude>
    <ClInclude Include="curve.h">
      <Filter>來源檔案\math\curve</Filter>
    </ClInclude>
    <ClInclude Include="nonparametriccurve.h">
      <Filter>來源檔案\math\curve</Filter>
    </ClInclude>
    <ClInclude Include="compoundpoissonprocess.h">
      <Filter>來源檔案\stochasticprocess</Filter>
    </ClInclude>
    <ClInclude Include="process.h">
      <Filter>來源檔案\stochasticprocess</Filter>
    </ClInclude>
    <ClInclude Include="timehomogeneousparameter.h">
      <Filter>來源檔案\stochasticprocess\garchjump</Filter>
    </ClInclude>
    <ClInclude Include="distribution.h">
      <Filter>來源檔案\math\distribution</Filter>
    </ClInclude>
    <ClInclude Include="normaldistribution.h">
      <Filter>來源檔案\math\distribution\continuousdistribution</Filter>
    </ClInclude>
    <ClInclude Include="parametricmodel.h">
      <Filter>來源檔案</Filter>
    </ClInclude>
    <ClInclude Include="constant.h">
      <Filter>來源檔案</Filter>
    </ClInclude>
    <ClInclude Include="skewnormaldistribution.h">
      <Filter>來源檔案\math\distribution\continuousdistribution</Filter>
    </ClInclude>
    <ClInclude Include="adaptivequadrature.h">
      <Filter>來源檔案\math\integral</Filter>
    </ClInclude>
    <ClInclude Include="utility.h">
      <Filter>來源檔案</Filter>
    </ClInclude>
    <ClInclude Include="gaussiankronrod.h">
      <Filter>來源檔案\math\integral</Filter>
    </ClInclude>
    <ClInclude Include="gaussianlobatto.h">
      <Filter>來源檔案\math\integral</Filter>
    </ClInclude>
    <ClInclude Include="rootsolver.h">
      <Filter>來源檔案\math\rootsolve</Filter>
    </ClInclude>
    <ClInclude Include="iterativesolver.h">
      <Filter>來源檔案\math\rootsolve</Filter>
    </ClInclude>
    <ClInclude Include="finitedifference.h">
      <Filter>來源檔案\math\derivative</Filter>
    </ClInclude>
    <ClInclude Include="forwarddifference.h">
      <Filter>來源檔案\math\derivative</Filter>
    </ClInclude>
    <ClInclude Include="centraldifference.h">
      <Filter>來源檔案\math\derivative</Filter>
    </ClInclude>
    <ClInclude Include="steffensensolver.h">
      <Filter>來源檔案\math\rootsolve\algorithm</Filter>
    </ClInclude>
    <ClInclude Include="bisectionsolver.h">
      <Filter>來源檔案\math\rootsolve\algorithm</Filter>
    </ClInclude>
    <ClInclude Include="newtonsolver.h">
      <Filter>來源檔案\math\rootsolve\algorithm</Filter>
    </ClInclude>
    <ClInclude Include="bracketingsolver.h">
      <Filter>來源檔案\math\rootsolve</Filter>
    </ClInclude>
    <ClInclude Include="ridderssolver.h">
      <Filter>來源檔案\math\rootsolve\algorithm</Filter>
    </ClInclude>
  </ItemGroup>
</Project>