<?xml version="1.0" encoding="utf-8"?>
<Project ToolsVersion="4.0" xmlns="http://schemas.microsoft.com/developer/msbuild/2003">
  <ItemGroup>
    <Filter Include="來源檔案">
      <UniqueIdentifier>{4FC737F1-C7A5-4376-A066-2A32D752A2FF}</UniqueIdentifier>
      <Extensions>cpp;c;cc;cxx;c++;cppm;ixx;def;odl;idl;hpj;bat;asm;asmx</Extensions>
    </Filter>
    <Filter Include="來源檔案\time">
      <UniqueIdentifier>{112d5ae5-a814-4582-8068-fb16eac1183a}</UniqueIdentifier>
    </Filter>
    <Filter Include="來源檔案\math">
      <UniqueIdentifier>{53cae91f-487a-4c71-9818-400ff9587b00}</UniqueIdentifier>
    </Filter>
    <Filter Include="來源檔案\math\curve">
      <UniqueIdentifier>{d638b210-520b-4119-95ac-dab893bd8dd9}</UniqueIdentifier>
    </Filter>
    <Filter Include="來源檔案\math\rootsolve">
      <UniqueIdentifier>{c2cf23f9-20f9-4126-9b93-d0a2413222f2}</UniqueIdentifier>
    </Filter>
    <Filter Include="來源檔案\math\derivative">
      <UniqueIdentifier>{7bf80693-6f19-4dbb-bd08-d6b64b66cb14}</UniqueIdentifier>
    </Filter>
    <Filter Include="來源檔案\math\rootsolve\algorithm">
      <UniqueIdentifier>{0ed1bf8e-90e2-48aa-8134-5bf7fc7c1ad3}</UniqueIdentifier>
    </Filter>
    <Filter Include="來源檔案\math\univariatedistribution">
      <UniqueIdentifier>{603634f5-4d4d-4f22-9cb4-004807eeeb9a}</UniqueIdentifier>
    </Filter>
    <Filter Include="來源檔案\math\univariatedistribution\continuousdistribution">
      <UniqueIdentifier>{a414b0bd-0620-4e18-8c9a-c979dd86515e}</UniqueIdentifier>
    </Filter>
    <Filter Include="來源檔案\pattern">
      <UniqueIdentifier>{1df824e4-11e2-47c2-a249-a22f548328e9}</UniqueIdentifier>
    </Filter>
    <Filter Include="來源檔案\termstructure">
      <UniqueIdentifier>{f1162dcf-4974-451c-add8-2373378ff73c}</UniqueIdentifier>
    </Filter>
    <Filter Include="來源檔案\quote">
      <UniqueIdentifier>{bcaaac35-0f21-4394-b208-f962fe80ef24}</UniqueIdentifier>
    </Filter>
    <Filter Include="來源檔案\time\calendar">
      <UniqueIdentifier>{db17c90b-09da-4c37-a492-52cd951c942f}</UniqueIdentifier>
    </Filter>
    <Filter Include="來源檔案\quote\interestrate">
      <UniqueIdentifier>{7dbc1bd4-2a13-4fa5-befe-0fffda57cc1e}</UniqueIdentifier>
    </Filter>
    <Filter Include="來源檔案\model">
      <UniqueIdentifier>{7d2e365b-22d9-46d3-a881-bd5ce033cb55}</UniqueIdentifier>
    </Filter>
    <Filter Include="來源檔案\model\foreignexchange">
      <UniqueIdentifier>{638cff61-bece-42b6-8b74-60e9ac6ec634}</UniqueIdentifier>
    </Filter>
    <Filter Include="來源檔案\model\interestrate">
      <UniqueIdentifier>{63cc5f9c-53c2-4387-a7ec-51ab43536915}</UniqueIdentifier>
    </Filter>
    <Filter Include="來源檔案\instrument">
      <UniqueIdentifier>{4efe83dd-4d8f-4564-93c5-f1f8d4382bc0}</UniqueIdentifier>
    </Filter>
    <Filter Include="來源檔案\instrument\interestrate">
      <UniqueIdentifier>{7432e4e0-002f-4ed1-b813-b34c0c4393e4}</UniqueIdentifier>
    </Filter>
  </ItemGroup>
  <ItemGroup>
    <ClCompile Include="date.cpp">
      <Filter>來源檔案\time</Filter>
    </ClCompile>
    <ClCompile Include="gaussian.cpp">
      <Filter>來源檔案\math\univariatedistribution\continuousdistribution</Filter>
    </ClCompile>
    <ClCompile Include="forwarddifference.cpp">
      <Filter>來源檔案\math\derivative</Filter>
    </ClCompile>
    <ClCompile Include="centraldifference.cpp">
      <Filter>來源檔案\math\derivative</Filter>
    </ClCompile>
    <ClCompile Include="bisectionsolver.cpp">
      <Filter>來源檔案\math\rootsolve\algorithm</Filter>
    </ClCompile>
    <ClCompile Include="unitedstatesholidayrule.cpp">
      <Filter>來源檔案\time\calendar</Filter>
    </ClCompile>
    <ClCompile Include="nonparametriccurve.cpp">
      <Filter>來源檔案\math\curve</Filter>
    </ClCompile>
    <ClCompile Include="iterativesolver.cpp">
      <Filter>來源檔案\math\rootsolve</Filter>
    </ClCompile>
    <ClCompile Include="parametricmodel.cpp">
      <Filter>來源檔案</Filter>
    </ClCompile>
    <ClCompile Include="countrycalendar.cpp">
      <Filter>來源檔案\time</Filter>
    </ClCompile>
    <ClCompile Include="calendar.cpp">
      <Filter>來源檔案\time</Filter>
    </ClCompile>
    <ClCompile Include="daycount.cpp">
      <Filter>來源檔案\time</Filter>
    </ClCompile>
    <ClCompile Include="main.cpp">
      <Filter>來源檔案</Filter>
    </ClCompile>
  </ItemGroup>
  <ItemGroup>
    <ClInclude Include="date.h">
      <Filter>來源檔案\time</Filter>
    </ClInclude>
    <ClInclude Include="type.h">
      <Filter>來源檔案</Filter>
    </ClInclude>
    <ClInclude Include="period.h">
      <Filter>來源檔案\time</Filter>
    </ClInclude>
    <ClInclude Include="curve.h">
      <Filter>來源檔案\math\curve</Filter>
    </ClInclude>
    <ClInclude Include="nonparametriccurve.h">
      <Filter>來源檔案\math\curve</Filter>
    </ClInclude>
    <ClInclude Include="univariatedistribution.h">
      <Filter>來源檔案\math\univariatedistribution</Filter>
    </ClInclude>
    <ClInclude Include="gaussian.h">
      <Filter>來源檔案\math\univariatedistribution\continuousdistribution</Filter>
    </ClInclude>
    <ClInclude Include="constant.h">
      <Filter>來源檔案</Filter>
    </ClInclude>
    <ClInclude Include="utility.h">
      <Filter>來源檔案</Filter>
    </ClInclude>
    <ClInclude Include="rootsolver.h">
      <Filter>來源檔案\math\rootsolve</Filter>
    </ClInclude>
    <ClInclude Include="iterativesolver.h">
      <Filter>來源檔案\math\rootsolve</Filter>
    </ClInclude>
    <ClInclude Include="finitedifference.h">
      <Filter>來源檔案\math\derivative</Filter>
    </ClInclude>
    <ClInclude Include="forwarddifference.h">
      <Filter>來源檔案\math\derivative</Filter>
    </ClInclude>
    <ClInclude Include="centraldifference.h">
      <Filter>來源檔案\math\derivative</Filter>
    </ClInclude>
    <ClInclude Include="steffensensolver.h">
      <Filter>來源檔案\math\rootsolve\algorithm</Filter>
    </ClInclude>
    <ClInclude Include="bisectionsolver.h">
      <Filter>來源檔案\math\rootsolve\algorithm</Filter>
    </ClInclude>
    <ClInclude Include="newtonsolver.h">
      <Filter>來源檔案\math\rootsolve\algorithm</Filter>
    </ClInclude>
    <ClInclude Include="bracketingsolver.h">
      <Filter>來源檔案\math\rootsolve</Filter>
    </ClInclude>
    <ClInclude Include="observerpattern.h">
      <Filter>來源檔案\pattern</Filter>
    </ClInclude>
    <ClInclude Include="quote.h">
      <Filter>來源檔案\quote</Filter>
    </ClInclude>
    <ClInclude Include="currency.h">
      <Filter>來源檔案</Filter>
    </ClInclude>
    <ClInclude Include="currencypair.h">
      <Filter>來源檔案</Filter>
    </ClInclude>
    <ClInclude Include="singleton.h">
      <Filter>來源檔案\pattern</Filter>
    </ClInclude>
    <ClInclude Include="unitedstatesholidayrule.h">
      <Filter>來源檔案\time\calendar</Filter>
    </ClInclude>
    <ClInclude Include="nullholidayrule.h">
      <Filter>來源檔案\time\calendar</Filter>
    </ClInclude>
    <ClInclude Include="nationalholidayrule.h">
      <Filter>來源檔案\time\calendar</Filter>
    </ClInclude>
    <ClInclude Include="piecewiseconstant.h">
      <Filter>來源檔案\math\curve</Filter>
    </ClInclude>
    <ClInclude Include="countrycalendar.h">
      <Filter>來源檔案\time</Filter>
    </ClInclude>
    <ClInclude Include="parametricmodel.h">
      <Filter>來源檔案</Filter>
    </ClInclude>
    <ClInclude Include="virtualhestonmodel.h">
      <Filter>來源檔案\model\foreignexchange</Filter>
    </ClInclude>
    <ClInclude Include="interestratetermstructure.h">
      <Filter>來源檔案\termstructure</Filter>
    </ClInclude>
    <ClInclude Include="calendar.h">
      <Filter>來源檔案\time</Filter>
    </ClInclude>
    <ClInclude Include="hestonmodel.h">
      <Filter>來源檔案\model\foreignexchange</Filter>
    </ClInclude>
    <ClInclude Include="interestratequote.h">
      <Filter>來源檔案\quote\interestrate</Filter>
    </ClInclude>
    <ClInclude Include="daycount.h">
      <Filter>來源檔案\time</Filter>
    </ClInclude>
    <ClInclude Include="valuedate.h">
      <Filter>來源檔案</Filter>
    </ClInclude>
    <ClInclude Include="cashrate.h">
      <Filter>來源檔案\quote\interestrate</Filter>
    </ClInclude>
    <ClInclude Include="deterministicriskfreerate.h">
      <Filter>來源檔案\model\interestrate</Filter>
    </ClInclude>
    <ClInclude Include="instrument.h">
      <Filter>來源檔案\instrument</Filter>
    </ClInclude>
    <ClInclude Include="linearinterestrateinstrument.h">
      <Filter>來源檔案\instrument\interestrate</Filter>
    </ClInclude>
    <ClInclude Include="setonce.h">
      <Filter>來源檔案\pattern</Filter>
    </ClInclude>
  </ItemGroup>
</Project>